Microsoft Visual Studio Solution File, Format Version 12.00
# Visual Studio Version 17
VisualStudioVersion = 17.13.35828.75
MinimumVisualStudioVersion = 10.0.40219.1
Project("{FAE04EC0-301F-11D3-BF4B-00C04F79EFBC}") = "CodingTracker", "CodingTracker.csproj", "{9633C1D2-09BC-4465-B1EF-FC256EC5A21D}"
EndProject
Global
	GlobalSection(SolutionConfigurationPlatforms) = preSolution
		Debug|Any CPU = Debug|Any CPU
		Release|Any CPU = Release|Any CPU
	EndGlobalSection
	GlobalSection(ProjectConfigurationPlatforms) = postSolution
		{9633C1D2-09BC-4465-B1EF-FC256EC5A21D}.Debug|Any CPU.ActiveCfg = Debug|Any CPU
		{9633C1D2-09BC-4465-B1EF-FC256EC5A21D}.Debug|Any CPU.Build.0 = Debug|Any CPU
		{9633C1D2-09BC-4465-B1EF-FC256EC5A21D}.Release|Any CPU.ActiveCfg = Release|Any CPU
		{9633C1D2-09BC-4465-B1EF-FC256EC5A21D}.Release|Any CPU.Build.0 = Release|Any CPU
	EndGlobalSection
	GlobalSection(SolutionProperties) = preSolution
		HideSolutionNode = FALSE
	EndGlobalSection
	GlobalSection(ExtensibilityGlobals) = postSolution
		SolutionGuid = {68348858-E9E7-4687-BA7C-60D938EF8CE8}
	EndGlobalSection
EndGlobal
